
Microsoft Visual Studio Solution File, Format Version 12.00
# Visual Studio Version 17
VisualStudioVersion = 17.5.002.0
MinimumVisualStudioVersion = 10.0.40219.1
Project("{9A19103F-16F7-4668-BE54-9A1E7A4F7556}") = "PlayerManager1", "PlayerManager1.csproj", "{20CA7EED-0853-4EDD-8EA7-D46F451EB4AA}"
EndProject
Global
	GlobalSection(SolutionConfigurationPlatforms) = preSolution
		Debug|Any CPU = Debug|Any CPU
		Release|Any CPU = Release|Any CPU
	EndGlobalSection
	GlobalSection(ProjectConfigurationPlatforms) = postSolution
		{20CA7EED-0853-4EDD-8EA7-D46F451EB4AA}.Debug|Any CPU.ActiveCfg = Debug|Any CPU
		{20CA7EED-0853-4EDD-8EA7-D46F451EB4AA}.Debug|Any CPU.Build.0 = Debug|Any CPU
		{20CA7EED-0853-4EDD-8EA7-D46F451EB4AA}.Release|Any CPU.ActiveCfg = Release|Any CPU
		{20CA7EED-0853-4EDD-8EA7-D46F451EB4AA}.Release|Any CPU.Build.0 = Release|Any CPU
	EndGlobalSection
	GlobalSection(SolutionProperties) = preSolution
		HideSolutionNode = FALSE
	EndGlobalSection
	GlobalSection(ExtensibilityGlobals) = postSolution
		SolutionGuid = {8D37EDEC-1E1B-47DE-9AA1-A41FEBAFDAE5}
	EndGlobalSection
EndGlobal
